// !$*UTF8*$!
{
	archiveVersion = 1;
	classes = {
	};
	objectVersion = 56;
	objects = {

/* Begin PBXBuildFile section */
		86D462B82CC06428007DB5DB /* SwiftUILabsApp.swift in Sources */ = {isa = PBXBuildFile; fileRef = 86D462B72CC06428007DB5DB /* SwiftUILabsApp.swift */; };
		86D462BA2CC06428007DB5DB /* ContentView.swift in Sources */ = {isa = PBXBuildFile; fileRef = 86D462B92CC06428007DB5DB /* ContentView.swift */; };
		86D462BC2CC06435007DB5DB /* Assets.xcassets in Resources */ = {isa = PBXBuildFile; fileRef = 86D462BB2CC06435007DB5DB /* Assets.xcassets */; };
		86D462BF2CC06435007DB5DB /* Preview Assets.xcassets in Resources */ = {isa = PBXBuildFile; fileRef = 86D462BE2CC06435007DB5DB /* Preview Assets.xcassets */; };
		86D462C92CC06435007DB5DB /* SwiftUILabsTests.swift in Sources */ = {isa = PBXBuildFile; fileRef = 86D462C82CC06435007DB5DB /* SwiftUILabsTests.swift */; };
		86D462D32CC06435007DB5DB /* SwiftUILabsUITests.swift in Sources */ = {isa = PBXBuildFile; fileRef = 86D462D22CC06435007DB5DB /* SwiftUILabsUITests.swift */; };
		86D462D52CC06435007DB5DB /* SwiftUILabsUITestsLaunchTests.swift in Sources */ = {isa = PBXBuildFile; fileRef = 86D462D42CC06435007DB5DB /* SwiftUILabsUITestsLaunchTests.swift */; };
		86D462E22CC068C1007DB5DB /* CompactWeatherView.swift in Sources */ = {isa = PBXBuildFile; fileRef = 86D462E12CC068C1007DB5DB /* CompactWeatherView.swift */; };
		86DF11922CC085F100FDA27C /* HomeView.swift in Sources */ = {isa = PBXBuildFile; fileRef = 86DF11912CC085F100FDA27C /* HomeView.swift */; };
		86E34AA82CC07707000A55EC /* LargeWatherView.swift in Sources */ = {isa = PBXBuildFile; fileRef = 86E34AA72CC07707000A55EC /* LargeWatherView.swift */; };
/* End PBXBuildFile section */

/* Begin PBXContainerItemProxy section */
		86D462C52CC06435007DB5DB /* PBXContainerItemProxy */ = {
			isa = PBXContainerItemProxy;
			containerPortal = 86D462AC2CC06428007DB5DB /* Project object */;
			proxyType = 1;
			remoteGlobalIDString = 86D462B32CC06428007DB5DB;
			remoteInfo = SwiftUILabs;
		};
		86D462CF2CC06435007DB5DB /* PBXContainerItemProxy */ = {
			isa = PBXContainerItemProxy;
			containerPortal = 86D462AC2CC06428007DB5DB /* Project object */;
			proxyType = 1;
			remoteGlobalIDString = 86D462B32CC06428007DB5DB;
			remoteInfo = SwiftUILabs;
		};
/* End PBXContainerItemProxy section */

/* Begin PBXFileReference section */
		86D462B42CC06428007DB5DB /* SwiftUILabs.app */ = {isa = PBXFileReference; explicitFileType = wrapper.application; includeInIndex = 0; path = SwiftUILabs.app; sourceTree = BUILT_PRODUCTS_DIR; };
		86D462B72CC06428007DB5DB /* SwiftUILabsApp.swift */ = {isa = PBXFileReference; lastKnownFileType = sourcecode.swift; path = SwiftUILabsApp.swift; sourceTree = "<group>"; };
		86D462B92CC06428007DB5DB /* ContentView.swift */ = {isa = PBXFileReference; lastKnownFileType = sourcecode.swift; path = ContentView.swift; sourceTree = "<group>"; };
		86D462BB2CC06435007DB5DB /* Assets.xcassets */ = {isa = PBXFileReference; lastKnownFileType = folder.assetcatalog; path = Assets.xcassets; sourceTree = "<group>"; };
		86D462BE2CC06435007DB5DB /* Preview Assets.xcassets */ = {isa = PBXFileReference; lastKnownFileType = folder.assetcatalog; path = "Preview Assets.xcassets"; sourceTree = "<group>"; };
		86D462C42CC06435007DB5DB /* SwiftUILabsTests.xctest */ = {isa = PBXFileReference; explicitFileType = wrapper.cfbundle; includeInIndex = 0; path = SwiftUILabsTests.xctest; sourceTree = BUILT_PRODUCTS_DIR; };
		86D462C82CC06435007DB5DB /* SwiftUILabsTests.swift */ = {isa = PBXFileReference; lastKnownFileType = sourcecode.swift; path = SwiftUILabsTests.swift; sourceTree = "<group>"; };
		86D462CE2CC06435007DB5DB /* SwiftUILabsUITests.xctest */ = {isa = PBXFileReference; explicitFileType = wrapper.cfbundle; includeInIndex = 0; path = SwiftUILabsUITests.xctest; sourceTree = BUILT_PRODUCTS_DIR; };
		86D462D22CC06435007DB5DB /* SwiftUILabsUITests.swift */ = {isa = PBXFileReference; lastKnownFileType = sourcecode.swift; path = SwiftUILabsUITests.swift; sourceTree = "<group>"; };
		86D462D42CC06435007DB5DB /* SwiftUILabsUITestsLaunchTests.swift */ = {isa = PBXFileReference; lastKnownFileType = sourcecode.swift; path = SwiftUILabsUITestsLaunchTests.swift; sourceTree = "<group>"; };
		86D462E12CC068C1007DB5DB /* CompactWeatherView.swift */ = {isa = PBXFileReference; lastKnownFileType = sourcecode.swift; path = CompactWeatherView.swift; sourceTree = "<group>"; };
		86DF11912CC085F100FDA27C /* HomeView.swift */ = {isa = PBXFileReference; lastKnownFileType = sourcecode.swift; path = HomeView.swift; sourceTree = "<group>"; };
		86E34AA72CC07707000A55EC /* LargeWatherView.swift */ = {isa = PBXFileReference; lastKnownFileType = sourcecode.swift; path = LargeWatherView.swift; sourceTree = "<group>"; };
/* End PBXFileReference section */

/* Begin PBXFrameworksBuildPhase section */
		86D462B12CC06428007DB5DB /* Frameworks */ = {
			isa = PBXFrameworksBuildPhase;
			buildActionMask = 2147483647;
			files = (
			);
			runOnlyForDeploymentPostprocessing = 0;
		};
		86D462C12CC06435007DB5DB /* Frameworks */ = {
			isa = PBXFrameworksBuildPhase;
			buildActionMask = 2147483647;
			files = (
			);
			runOnlyForDeploymentPostprocessing = 0;
		};
		86D462CB2CC06435007DB5DB /* Frameworks */ = {
			isa = PBXFrameworksBuildPhase;
			buildActionMask = 2147483647;
			files = (
			);
			runOnlyForDeploymentPostprocessing = 0;
		};
/* End PBXFrameworksBuildPhase section */

/* Begin PBXGroup section */
		86D462AB2CC06428007DB5DB = {
			isa = PBXGroup;
			children = (
				86D462B62CC06428007DB5DB /* SwiftUILabs */,
				86D462C72CC06435007DB5DB /* SwiftUILabsTests */,
				86D462D12CC06435007DB5DB /* SwiftUILabsUITests */,
				86D462B52CC06428007DB5DB /* Products */,
			);
			sourceTree = "<group>";
		};
		86D462B52CC06428007DB5DB /* Products */ = {
			isa = PBXGroup;
			children = (
				86D462B42CC06428007DB5DB /* SwiftUILabs.app */,
				86D462C42CC06435007DB5DB /* SwiftUILabsTests.xctest */,
				86D462CE2CC06435007DB5DB /* SwiftUILabsUITests.xctest */,
			);
			name = Products;
			sourceTree = "<group>";
		};
		86D462B62CC06428007DB5DB /* SwiftUILabs */ = {
			isa = PBXGroup;
			children = (
				86D462B72CC06428007DB5DB /* SwiftUILabsApp.swift */,
				86D462B92CC06428007DB5DB /* ContentView.swift */,
				86E34AA72CC07707000A55EC /* LargeWatherView.swift */,
				86D462E12CC068C1007DB5DB /* CompactWeatherView.swift */,
				86D462BB2CC06435007DB5DB /* Assets.xcassets */,
				86D462BD2CC06435007DB5DB /* Preview Content */,
				86DF11912CC085F100FDA27C /* HomeView.swift */,
			);
			path = SwiftUILabs;
			sourceTree = "<group>";
		};
		86D462BD2CC06435007DB5DB /* Preview Content */ = {
			isa = PBXGroup;
			children = (
				86D462BE2CC06435007DB5DB /* Preview Assets.xcassets */,
			);
			path = "Preview Content";
			sourceTree = "<group>";
		};
		86D462C72CC06435007DB5DB /* SwiftUILabsTests */ = {
			isa = PBXGroup;
			children = (
				86D462C82CC06435007DB5DB /* SwiftUILabsTests.swift */,
			);
			path = SwiftUILabsTests;
			sourceTree = "<group>";
		};
		86D462D12CC06435007DB5DB /* SwiftUILabsUITests */ = {
			isa = PBXGroup;
			children = (
				86D462D22CC06435007DB5DB /* SwiftUILabsUITests.swift */,
				86D462D42CC06435007DB5DB /* SwiftUILabsUITestsLaunchTests.swift */,
			);
			path = SwiftUILabsUITests;
			sourceTree = "<group>";
		};
/* End PBXGroup section */

/* Begin PBXNativeTarget section */
		86D462B32CC06428007DB5DB /* SwiftUILabs */ = {
			isa = PBXNativeTarget;
			buildConfigurationList = 86D462D82CC06435007DB5DB /* Build configuration list for PBXNativeTarget "SwiftUILabs" */;
			buildPhases = (
				86D462B02CC06428007DB5DB /* Sources */,
				86D462B12CC06428007DB5DB /* Frameworks */,
				86D462B22CC06428007DB5DB /* Resources */,
			);
			buildRules = (
			);
			dependencies = (
			);
			name = SwiftUILabs;
			productName = SwiftUILabs;
			productReference = 86D462B42CC06428007DB5DB /* SwiftUILabs.app */;
			productType = "com.apple.product-type.application";
		};
		86D462C32CC06435007DB5DB /* SwiftUILabsTests */ = {
			isa = PBXNativeTarget;
			buildConfigurationList = 86D462DB2CC06435007DB5DB /* Build configuration list for PBXNativeTarget "SwiftUILabsTests" */;
			buildPhases = (
				86D462C02CC06435007DB5DB /* Sources */,
				86D462C12CC06435007DB5DB /* Frameworks */,
				86D462C22CC06435007DB5DB /* Resources */,
			);
			buildRules = (
			);
			dependencies = (
				86D462C62CC06435007DB5DB /* PBXTargetDependency */,
			);
			name = SwiftUILabsTests;
			productName = SwiftUILabsTests;
			productReference = 86D462C42CC06435007DB5DB /* SwiftUILabsTests.xctest */;
			productType = "com.apple.product-type.bundle.unit-test";
		};
		86D462CD2CC06435007DB5DB /* SwiftUILabsUITests */ = {
			isa = PBXNativeTarget;
			buildConfigurationList = 86D462DE2CC06435007DB5DB /* Build configuration list for PBXNativeTarget "SwiftUILabsUITests" */;
			buildPhases = (
				86D462CA2CC06435007DB5DB /* Sources */,
				86D462CB2CC06435007DB5DB /* Frameworks */,
				86D462CC2CC06435007DB5DB /* Resources */,
			);
			buildRules = (
			);
			dependencies = (
				86D462D02CC06435007DB5DB /* PBXTargetDependency */,
			);
			name = SwiftUILabsUITests;
			productName = SwiftUILabsUITests;
			productReference = 86D462CE2CC06435007DB5DB /* SwiftUILabsUITests.xctest */;
			productType = "com.apple.product-type.bundle.ui-testing";
		};
/* End PBXNativeTarget section */

/* Begin PBXProject section */
		86D462AC2CC06428007DB5DB /* Project object */ = {
			isa = PBXProject;
			attributes = {
				BuildIndependentTargetsInParallel = 1;
				LastSwiftUpdateCheck = 1540;
				LastUpgradeCheck = 1540;
				TargetAttributes = {
					86D462B32CC06428007DB5DB = {
						CreatedOnToolsVersion = 15.4;
					};
					86D462C32CC06435007DB5DB = {
						CreatedOnToolsVersion = 15.4;
						TestTargetID = 86D462B32CC06428007DB5DB;
					};
					86D462CD2CC06435007DB5DB = {
						CreatedOnToolsVersion = 15.4;
						TestTargetID = 86D462B32CC06428007DB5DB;
					};
				};
			};
			buildConfigurationList = 86D462AF2CC06428007DB5DB /* Build configuration list for PBXProject "SwiftUILabs" */;
			compatibilityVersion = "Xcode 14.0";
			developmentRegion = en;
			hasScannedForEncodings = 0;
			knownRegions = (
				en,
				Base,
			);
			mainGroup = 86D462AB2CC06428007DB5DB;
			productRefGroup = 86D462B52CC06428007DB5DB /* Products */;
			projectDirPath = "";
			projectRoot = "";
			targets = (
				86D462B32CC06428007DB5DB /* SwiftUILabs */,
				86D462C32CC06435007DB5DB /* SwiftUILabsTests */,
				86D462CD2CC06435007DB5DB /* SwiftUILabsUITests */,
			);
		};
/* End PBXProject section */

/* Begin PBXResourcesBuildPhase section */
		86D462B22CC06428007DB5DB /* Resources */ = {
			isa = PBXResourcesBuildPhase;
			buildActionMask = 2147483647;
			files = (
				86D462BF2CC06435007DB5DB /* Preview Assets.xcassets in Resources */,
				86D462BC2CC06435007DB5DB /* Assets.xcassets in Resources */,
			);
			runOnlyForDeploymentPostprocessing = 0;
		};
		86D462C22CC06435007DB5DB /* Resources */ = {
			isa = PBXResourcesBuildPhase;
			buildActionMask = 2147483647;
			files = (
			);
			runOnlyForDeploymentPostprocessing = 0;
		};
		86D462CC2CC06435007DB5DB /* Resources */ = {
			isa = PBXResourcesBuildPhase;
			buildActionMask = 2147483647;
			files = (
			);
			runOnlyForDeploymentPostprocessing = 0;
		};
/* End PBXResourcesBuildPhase section */

/* Begin PBXSourcesBuildPhase section */
		86D462B02CC06428007DB5DB /* Sources */ = {
			isa = PBXSourcesBuildPhase;
			buildActionMask = 2147483647;
			files = (
				86D462BA2CC06428007DB5DB /* ContentView.swift in Sources */,
				86E34AA82CC07707000A55EC /* LargeWatherView.swift in Sources */,
				86D462B82CC06428007DB5DB /* SwiftUILabsApp.swift in Sources */,
				86DF11922CC085F100FDA27C /* HomeView.swift in Sources */,
				86D462E22CC068C1007DB5DB /* CompactWeatherView.swift in Sources */,
			);
			runOnlyForDeploymentPostprocessing = 0;
		};
		86D462C02CC06435007DB5DB /* Sources */ = {
			isa = PBXSourcesBuildPhase;
			buildActionMask = 2147483647;
			files = (
				86D462C92CC06435007DB5DB /* SwiftUILabsTests.swift in Sources */,
			);
			runOnlyForDeploymentPostprocessing = 0;
		};
		86D462CA2CC06435007DB5DB /* Sources */ = {
			isa = PBXSourcesBuildPhase;
			buildActionMask = 2147483647;
			files = (
				86D462D52CC06435007DB5DB /* SwiftUILabsUITestsLaunchTests.swift in Sources */,
				86D462D32CC06435007DB5DB /* SwiftUILabsUITests.swift in Sources */,
			);
			runOnlyForDeploymentPostprocessing = 0;
		};
/* End PBXSourcesBuildPhase section */

/* Begin PBXTargetDependency section */
		86D462C62CC06435007DB5DB /* PBXTargetDependency */ = {
			isa = PBXTargetDependency;
			target = 86D462B32CC06428007DB5DB /* SwiftUILabs */;
			targetProxy = 86D462C52CC06435007DB5DB /* PBXContainerItemProxy */;
		};
		86D462D02CC06435007DB5DB /* PBXTargetDependency */ = {
			isa = PBXTargetDependency;
			target = 86D462B32CC06428007DB5DB /* SwiftUILabs */;
			targetProxy = 86D462CF2CC06435007DB5DB /* PBXContainerItemProxy */;
		};
/* End PBXTargetDependency section */

/* Begin XCBuildConfiguration section */
		86D462D62CC06435007DB5DB /* Debug */ = {
			isa = XCBuildConfiguration;
			buildSettings = {
				ALWAYS_SEARCH_USER_PATHS = NO;
				ASSETCATALOG_COMPILER_GENERATE_SWIFT_ASSET_SYMBOL_EXTENSIONS = YES;
				CLANG_ANALYZER_NONNULL = YES;
				CLANG_ANALYZER_NUMBER_OBJECT_CONVERSION = YES_AGGRESSIVE;
				CLANG_CXX_LANGUAGE_STANDARD = "gnu++20";
				CLANG_ENABLE_MODULES = YES;
				CLANG_ENABLE_OBJC_ARC = YES;
				CLANG_ENABLE_OBJC_WEAK = YES;
				CLANG_WARN_BLOCK_CAPTURE_AUTORELEASING = YES;
				CLANG_WARN_BOOL_CONVERSION = YES;
				CLANG_WARN_COMMA = YES;
				CLANG_WARN_CONSTANT_CONVERSION = YES;
				CLANG_WARN_DEPRECATED_OBJC_IMPLEMENTATIONS = YES;
				CLANG_WARN_DIRECT_OBJC_ISA_USAGE = YES_ERROR;
				CLANG_WARN_DOCUMENTATION_COMMENTS = YES;
				CLANG_WARN_EMPTY_BODY = YES;
				CLANG_WARN_ENUM_CONVERSION = YES;
				CLANG_WARN_INFINITE_RECURSION = YES;
				CLANG_WARN_INT_CONVERSION = YES;
				CLANG_WARN_NON_LITERAL_NULL_CONVERSION = YES;
				CLANG_WARN_OBJC_IMPLICIT_RETAIN_SELF = YES;
				CLANG_WARN_OBJC_LITERAL_CONVERSION = YES;
				CLANG_WARN_OBJC_ROOT_CLASS = YES_ERROR;
				CLANG_WARN_QUOTED_INCLUDE_IN_FRAMEWORK_HEADER = YES;
				CLANG_WARN_RANGE_LOOP_ANALYSIS = YES;
				CLANG_WARN_STRICT_PROTOTYPES = YES;
				CLANG_WARN_SUSPICIOUS_MOVE = YES;
				CLANG_WARN_UNGUARDED_AVAILABILITY = YES_AGGRESSIVE;
				CLANG_WARN_UNREACHABLE_CODE = YES;
				CLANG_WARN__DUPLICATE_METHOD_MATCH = YES;
				COPY_PHASE_STRIP = NO;
				DEBUG_INFORMATION_FORMAT = dwarf;
				ENABLE_STRICT_OBJC_MSGSEND = YES;
				ENABLE_TESTABILITY = YES;
				ENABLE_USER_SCRIPT_SANDBOXING = YES;
				GCC_C_LANGUAGE_STANDARD = gnu17;
				GCC_DYNAMIC_NO_PIC = NO;
				GCC_NO_COMMON_BLOCKS = YES;
				GCC_OPTIMIZATION_LEVEL = 0;
				GCC_PREPROCESSOR_DEFINITIONS = (
					"DEBUG=1",
					"$(inherited)",
				);
				GCC_WARN_64_TO_32_BIT_CONVERSION = YES;
				GCC_WARN_ABOUT_RETURN_TYPE = YES_ERROR;
				GCC_WARN_UNDECLARED_SELECTOR = YES;
				GCC_WARN_UNINITIALIZED_AUTOS = YES_AGGRESSIVE;
				GCC_WARN_UNUSED_FUNCTION = YES;
				GCC_WARN_UNUSED_VARIABLE = YES;
				IPHONEOS_DEPLOYMENT_TARGET = 17.5;
				LOCALIZATION_PREFERS_STRING_CATALOGS = YES;
				MTL_ENABLE_DEBUG_INFO = INCLUDE_SOURCE;
				MTL_FAST_MATH = YES;
				ONLY_ACTIVE_ARCH = YES;
				SDKROOT = iphoneos;
				SWIFT_ACTIVE_COMPILATION_CONDITIONS = "DEBUG $(inherited)";
				SWIFT_OPTIMIZATION_LEVEL = "-Onone";
			};
			name = Debug;
		};
		86D462D72CC06435007DB5DB /* Release */ = {
			isa = XCBuildConfiguration;
			buildSettings = {
				ALWAYS_SEARCH_USER_PATHS = NO;
				ASSETCATALOG_COMPILER_GENERATE_SWIFT_ASSET_SYMBOL_EXTENSIONS = YES;
				CLANG_ANALYZER_NONNULL = YES;
				CLANG_ANALYZER_NUMBER_OBJECT_CONVERSION = YES_AGGRESSIVE;
				CLANG_CXX_LANGUAGE_STANDARD = "gnu++20";
				CLANG_ENABLE_MODULES = YES;
				CLANG_ENABLE_OBJC_ARC = YES;
				CLANG_ENABLE_OBJC_WEAK = YES;
				CLANG_WARN_BLOCK_CAPTURE_AUTORELEASING = YES;
				CLANG_WARN_BOOL_CONVERSION = YES;
				CLANG_WARN_COMMA = YES;
				CLANG_WARN_CONSTANT_CONVERSION = YES;
				CLANG_WARN_DEPRECATED_OBJC_IMPLEMENTATIONS = YES;
				CLANG_WARN_DIRECT_OBJC_ISA_USAGE = YES_ERROR;
				CLANG_WARN_DOCUMENTATION_COMMENTS = YES;
				CLANG_WARN_EMPTY_BODY = YES;
				CLANG_WARN_ENUM_CONVERSION = YES;
				CLANG_WARN_INFINITE_RECURSION = YES;
				CLANG_WARN_INT_CONVERSION = YES;
				CLANG_WARN_NON_LITERAL_NULL_CONVERSION = YES;
				CLANG_WARN_OBJC_IMPLICIT_RETAIN_SELF = YES;
				CLANG_WARN_OBJC_LITERAL_CONVERSION = YES;
				CLANG_WARN_OBJC_ROOT_CLASS = YES_ERROR;
				CLANG_WARN_QUOTED_INCLUDE_IN_FRAMEWORK_HEADER = YES;
				CLANG_WARN_RANGE_LOOP_ANALYSIS = YES;
				CLANG_WARN_STRICT_PROTOTYPES = YES;
				CLANG_WARN_SUSPICIOUS_MOVE = YES;
				CLANG_WARN_UNGUARDED_AVAILABILITY = YES_AGGRESSIVE;
				CLANG_WARN_UNREACHABLE_CODE = YES;
				CLANG_WARN__DUPLICATE_METHOD_MATCH = YES;
				COPY_PHASE_STRIP = NO;
				DEBUG_INFORMATION_FORMAT = "dwarf-with-dsym";
				ENABLE_NS_ASSERTIONS = NO;
				ENABLE_STRICT_OBJC_MSGSEND = YES;
				ENABLE_USER_SCRIPT_SANDBOXING = YES;
				GCC_C_LANGUAGE_STANDARD = gnu17;
				GCC_NO_COMMON_BLOCKS = YES;
				GCC_WARN_64_TO_32_BIT_CONVERSION = YES;
				GCC_WARN_ABOUT_RETURN_TYPE = YES_ERROR;
				GCC_WARN_UNDECLARED_SELECTOR = YES;
				GCC_WARN_UNINITIALIZED_AUTOS = YES_AGGRESSIVE;
				GCC_WARN_UNUSED_FUNCTION = YES;
				GCC_WARN_UNUSED_VARIABLE = YES;
				IPHONEOS_DEPLOYMENT_TARGET = 17.5;
				LOCALIZATION_PREFERS_STRING_CATALOGS = YES;
				MTL_ENABLE_DEBUG_INFO = NO;
				MTL_FAST_MATH = YES;
				SDKROOT = iphoneos;
				SWIFT_COMPILATION_MODE = wholemodule;
				VALIDATE_PRODUCT = YES;
			};
			name = Release;
		};
		86D462D92CC06435007DB5DB /* Debug */ = {
			isa = XCBuildConfiguration;
			buildSettings = {
				ASSETCATALOG_COMPILER_APPICON_NAME = AppIcon;
				ASSETCATALOG_COMPILER_GLOBAL_ACCENT_COLOR_NAME = AccentColor;
				CODE_SIGN_STYLE = Manual;
				CURRENT_PROJECT_VERSION = 1;
				DEVELOPMENT_ASSET_PATHS = "\"SwiftUILabs/Preview Content\"";
				DEVELOPMENT_TEAM = "";
				ENABLE_PREVIEWS = YES;
				GENERATE_INFOPLIST_FILE = YES;
				INFOPLIST_KEY_UIApplicationSceneManifest_Generation = YES;
				INFOPLIST_KEY_UIApplicationSupportsIndirectInputEvents = YES;
				INFOPLIST_KEY_UILaunchScreen_Generation = YES;
				INFOPLIST_KEY_UISupportedInterfaceOrientations_iPad = "UIInterfaceOrientationPortrait UIInterfaceOrientationPortraitUpsideDown UIInterfaceOrientationLandscapeLeft UIInterfaceOrientationLandscapeRight";
				INFOPLIST_KEY_UISupportedInterfaceOrientations_iPhone = "UIInterfaceOrientationPortrait UIInterfaceOrientationLandscapeLeft UIInterfaceOrientationLandscapeRight";
				LD_RUNPATH_SEARCH_PATHS = (
					"$(inherited)",
					"@executable_path/Frameworks",
				);
				MARKETING_VERSION = 1.0;
				PRODUCT_BUNDLE_IDENTIFIER = edu.SwiftUILabs;
				PRODUCT_NAME = "$(TARGET_NAME)";
				PROVISIONING_PROFILE_SPECIFIER = "";
				SWIFT_EMIT_LOC_STRINGS = YES;
				SWIFT_VERSION = 5.0;
				TARGETED_DEVICE_FAMILY = "1,2";
			};
			name = Debug;
		};
		86D462DA2CC06435007DB5DB /* Release */ = {
			isa = XCBuildConfiguration;
			buildSettings = {
				ASSETCATALOG_COMPILER_APPICON_NAME = AppIcon;
				ASSETCATALOG_COMPILER_GLOBAL_ACCENT_COLOR_NAME = AccentColor;
				CODE_SIGN_STYLE = Manual;
				CURRENT_PROJECT_VERSION = 1;
				DEVELOPMENT_ASSET_PATHS = "\"SwiftUILabs/Preview Content\"";
				DEVELOPMENT_TEAM = "";
				ENABLE_PREVIEWS = YES;
				GENERATE_INFOPLIST_FILE = YES;
				INFOPLIST_KEY_UIApplicationSceneManifest_Generation = YES;
				INFOPLIST_KEY_UIApplicationSupportsIndirectInputEvents = YES;
				INFOPLIST_KEY_UILaunchScreen_Generation = YES;
				INFOPLIST_KEY_UISupportedInterfaceOrientations_iPad = "UIInterfaceOrientationPortrait UIInterfaceOrientationPortraitUpsideDown UIInterfaceOrientationLandscapeLeft UIInterfaceOrientationLandscapeRight";
				INFOPLIST_KEY_UISupportedInterfaceOrientations_iPhone = "UIInterfaceOrientationPortrait UIInterfaceOrientationLandscapeLeft UIInterfaceOrientationLandscapeRight";
				LD_RUNPATH_SEARCH_PATHS = (
					"$(inherited)",
					"@executable_path/Frameworks",
				);
				MARKETING_VERSION = 1.0;
				PRODUCT_BUNDLE_IDENTIFIER = edu.SwiftUILabs;
				PRODUCT_NAME = "$(TARGET_NAME)";
				PROVISIONING_PROFILE_SPECIFIER = "";
				SWIFT_EMIT_LOC_STRINGS = YES;
				SWIFT_VERSION = 5.0;
				TARGETED_DEVICE_FAMILY = "1,2";
			};
			name = Release;
		};
		86D462DC2CC06435007DB5DB /* Debug */ = {
			isa = XCBuildConfiguration;
			buildSettings = {
				ALWAYS_EMBED_SWIFT_STANDARD_LIBRARIES = YES;
				BUNDLE_LOADER = "$(TEST_HOST)";
				CODE_SIGN_STYLE = Automatic;
				CURRENT_PROJECT_VERSION = 1;
				GENERATE_INFOPLIST_FILE = YES;
				IPHONEOS_DEPLOYMENT_TARGET = 17.5;
				MARKETING_VERSION = 1.0;
				PRODUCT_BUNDLE_IDENTIFIER = edu.SwiftUILabsTests;
				PRODUCT_NAME = "$(TARGET_NAME)";
				SWIFT_EMIT_LOC_STRINGS = NO;
				SWIFT_VERSION = 5.0;
				TARGETED_DEVICE_FAMILY = "1,2";
				TEST_HOST = "$(BUILT_PRODUCTS_DIR)/SwiftUILabs.app/$(BUNDLE_EXECUTABLE_FOLDER_PATH)/SwiftUILabs";
			};
			name = Debug;
		};
		86D462DD2CC06435007DB5DB /* Release */ = {
			isa = XCBuildConfiguration;
			buildSettings = {
				ALWAYS_EMBED_SWIFT_STANDARD_LIBRARIES = YES;
				BUNDLE_LOADER = "$(TEST_HOST)";
				CODE_SIGN_STYLE = Automatic;
				CURRENT_PROJECT_VERSION = 1;
				GENERATE_INFOPLIST_FILE = YES;
				IPHONEOS_DEPLOYMENT_TARGET = 17.5;
				MARKETING_VERSION = 1.0;
				PRODUCT_BUNDLE_IDENTIFIER = edu.SwiftUILabsTests;
				PRODUCT_NAME = "$(TARGET_NAME)";
				SWIFT_EMIT_LOC_STRINGS = NO;
				SWIFT_VERSION = 5.0;
				TARGETED_DEVICE_FAMILY = "1,2";
				TEST_HOST = "$(BUILT_PRODUCTS_DIR)/SwiftUILabs.app/$(BUNDLE_EXECUTABLE_FOLDER_PATH)/SwiftUILabs";
			};
			name = Release;
		};
		86D462DF2CC06435007DB5DB /* Debug */ = {
			isa = XCBuildConfiguration;
			buildSettings = {
				ALWAYS_EMBED_SWIFT_STANDARD_LIBRARIES = YES;
				CODE_SIGN_STYLE = Automatic;
				CURRENT_PROJECT_VERSION = 1;
				GENERATE_INFOPLIST_FILE = YES;
				MARKETING_VERSION = 1.0;
				PRODUCT_BUNDLE_IDENTIFIER = edu.SwiftUILabsUITests;
				PRODUCT_NAME = "$(TARGET_NAME)";
				SWIFT_EMIT_LOC_STRINGS = NO;
				SWIFT_VERSION = 5.0;
				TARGETED_DEVICE_FAMILY = "1,2";
				TEST_TARGET_NAME = SwiftUILabs;
			};
			name = Debug;
		};
		86D462E02CC06435007DB5DB /* Release */ = {
			isa = XCBuildConfiguration;
			buildSettings = {
				ALWAYS_EMBED_SWIFT_STANDARD_LIBRARIES = YES;
				CODE_SIGN_STYLE = Automatic;
				CURRENT_PROJECT_VERSION = 1;
				GENERATE_INFOPLIST_FILE = YES;
				MARKETING_VERSION = 1.0;
				PRODUCT_BUNDLE_IDENTIFIER = edu.SwiftUILabsUITests;
				PRODUCT_NAME = "$(TARGET_NAME)";
				SWIFT_EMIT_LOC_STRINGS = NO;
				SWIFT_VERSION = 5.0;
				TARGETED_DEVICE_FAMILY = "1,2";
				TEST_TARGET_NAME = SwiftUILabs;
			};
			name = Release;
		};
/* End XCBuildConfiguration section */

/* Begin XCConfigurationList section */
		86D462AF2CC06428007DB5DB /* Build configuration list for PBXProject "SwiftUILabs" */ = {
			isa = XCConfigurationList;
			buildConfigurations = (
				86D462D62CC06435007DB5DB /* Debug */,
				86D462D72CC06435007DB5DB /* Release */,
			);
			defaultConfigurationIsVisible = 0;
			defaultConfigurationName = Release;
		};
		86D462D82CC06435007DB5DB /* Build configuration list for PBXNativeTarget "SwiftUILabs" */ = {
			isa = XCConfigurationList;
			buildConfigurations = (
				86D462D92CC06435007DB5DB /* Debug */,
				86D462DA2CC06435007DB5DB /* Release */,
			);
			defaultConfigurationIsVisible = 0;
			defaultConfigurationName = Release;
		};
		86D462DB2CC06435007DB5DB /* Build configuration list for PBXNativeTarget "SwiftUILabsTests" */ = {
			isa = XCConfigurationList;
			buildConfigurations = (
				86D462DC2CC06435007DB5DB /* Debug */,
				86D462DD2CC06435007DB5DB /* Release */,
			);
			defaultConfigurationIsVisible = 0;
			defaultConfigurationName = Release;
		};
		86D462DE2CC06435007DB5DB /* Build configuration list for PBXNativeTarget "SwiftUILabsUITests" */ = {
			isa = XCConfigurationList;
			buildConfigurations = (
				86D462DF2CC06435007DB5DB /* Debug */,
				86D462E02CC06435007DB5DB /* Release */,
			);
			defaultConfigurationIsVisible = 0;
			defaultConfigurationName = Release;
		};
/* End XCConfigurationList section */
	};
	rootObject = 86D462AC2CC06428007DB5DB /* Project object */;
}
